// !$*UTF8*$!
{
	archiveVersion = 1;
	classes = {
	};
	objectVersion = 46;
	objects = {

/* Begin PBXBuildFile section */
		05609B1ED2D5D22AA3B02777 /* Foundation.framework */ = {isa = PBXBuildFile; fileRef = 6BF2DD80853B37754681F414; };
		1B8AE3B484852EFC1797ECA2 /* include_juce_audio_basics.mm */ = {isa = PBXBuildFile; fileRef = 4FEFA13EF7CE1CD569D95EA5; };
		1BE376D7CCAF51ACB550911E /* include_juce_audio_processors.mm */ = {isa = PBXBuildFile; fileRef = EB06C6CF21063A2729F1DA5D; };
		1E2E0B8328B47EC93E28E55D /* include_juce_gui_extra.mm */ = {isa = PBXBuildFile; fileRef = E86C13006901652FBA4B7731; };
		203917DCA094127EBB5DC33C /* Track.cpp */ = {isa = PBXBuildFile; fileRef = 7959E7B0FCC83F0B2980B8EF; };
		234F6C7D461BFA37C7231198 /* DiscRecording.framework */ = {isa = PBXBuildFile; fileRef = CC527982EC7EEBC1C0D1B2A8; };
		2B4955CC9F1351D3C28281D1 /* include_juce_audio_formats.mm */ = {isa = PBXBuildFile; fileRef = 384F5E3E6884BB00C849A9F7; };
		2C003623372CFC17DDBBA6DC /* Clip.cpp */ = {isa = PBXBuildFile; fileRef = 347D271E3822C98BF61CED41; };
		42C782DAE62808A6D403DA56 /* MusicalContext.cpp */ = {isa = PBXBuildFile; fileRef = 0434063F638FC0C093FAC059; };
		49BBA30A7054AC03286B5714 /* CoreMIDI.framework */ = {isa = PBXBuildFile; fileRef = AE84BCA83B06020E6A8C2A7A; };
		4E8E80F9E3F516F841A7C8B1 /* include_juce_audio_devices.mm */ = {isa = PBXBuildFile; fileRef = ACFEEB068DE2956CA772A600; };
		5054D449BF63824FA422E125 /* App */ = {isa = PBXBuildFile; fileRef = BCE5654759C4BA074BCA8007; };
		53CD688FD348959432380A00 /* Playhead.cpp */ = {isa = PBXBuildFile; fileRef = 2AE33E40AC8487429A60201C; };
		542ECF9FD0C9CD63CAEAD700 /* WebKit.framework */ = {isa = PBXBuildFile; fileRef = 5BC03489880E2F189094901E; };
		5C4AE88308075E66DBF066AF /* include_juce_graphics.mm */ = {isa = PBXBuildFile; fileRef = F6521B2621C8B17B4A90E029; };
		5DF5A44D7A103533DEE3104D /* HardwareDevice.cpp */ = {isa = PBXBuildFile; fileRef = 3A6E3C0C1F0C7ADCB07F3A54; };
		6760154845893D8766C18D5D /* CoreAudio.framework */ = {isa = PBXBuildFile; fileRef = BA9B90BA1960C94D5B03CE05; };
		758D9F221FA250092BE01285 /* include_juce_gui_basics.mm */ = {isa = PBXBuildFile; fileRef = B75396ACFB882192D35F9847; };
		77514EF4F883437FA52B48AF /* include_juce_core.mm */ = {isa = PBXBuildFile; fileRef = 74C923CDA21F8C2E766EA8CE; };
		9BD45321028A848B2EE9552E /* Main.cpp */ = {isa = PBXBuildFile; fileRef = 511F075D71A0AE8CCBABDFDD; };
		B15E141488847BADF9C45F6A /* Cocoa.framework */ = {isa = PBXBuildFile; fileRef = 6B85CFEA929D9E6B153F8F8F; };
		B99641FA5277FD432232785F /* AudioToolbox.framework */ = {isa = PBXBuildFile; fileRef = 6BB4688AD437D209106C4F92; };
		BC466D0144C64F168087E2BB /* CoreAudioKit.framework */ = {isa = PBXBuildFile; fileRef = 1DAD1704B1D93FDEC6C715C8; };
		BD7FE7B748CEBE94D91E44AF /* include_juce_data_structures.mm */ = {isa = PBXBuildFile; fileRef = 61CCF42B901B60B1D41336A0; };
		C35E7131F3DAFE95C6BD9D79 /* Carbon.framework */ = {isa = PBXBuildFile; fileRef = 27547FAF8278FA3D1DBF58EC; };
		C84ED5A6D1CD4C3192EC2897 /* IOKit.framework */ = {isa = PBXBuildFile; fileRef = 03A987C18D6403999FAF9FFF; };
		CE386432D653AB1933989FED /* include_juce_audio_utils.mm */ = {isa = PBXBuildFile; fileRef = 8139639C53A5B420A289B75D; };
		D0FEA7251068B7C50BCF8D8E /* MainComponent.cpp */ = {isa = PBXBuildFile; fileRef = F12CAA4810840C3006F52E0C; };
		D3A88E08A1D57626BBA2A35D /* Accelerate.framework */ = {isa = PBXBuildFile; fileRef = B27EE9CD1F88E525910B12D0; };
		D41C996CBF67BCA5287B1B39 /* QuartzCore.framework */ = {isa = PBXBuildFile; fileRef = FF790A76521F553757785A56; };
		D91EF08E1C5F33AB2EA18119 /* RecentFilesMenuTemplate.nib */ = {isa = PBXBuildFile; fileRef = DC6FF832889AB08AD96EA65E; };
		EFCC992221B5A43585BF0B1E /* include_juce_events.mm */ = {isa = PBXBuildFile; fileRef = 920ED8FAFFB91CCF6F321D2A; };
		F0108CDE0589FB21C2CE242B /* include_juce_osc.cpp */ = {isa = PBXBuildFile; fileRef = F32D398184165E062A04518F; };
/* End PBXBuildFile section */

/* Begin PBXFileReference section */
		03A740DEA592055FB808D704 /* JuceHeader.h */ /* JuceHeader.h */ = {isa = PBXFileReference; lastKnownFileType = sourcecode.c.h; name = JuceHeader.h; path = ../../JuceLibraryCode/JuceHeader.h; sourceTree = SOURCE_ROOT; };
		03A987C18D6403999FAF9FFF /* IOKit.framework */ /* IOKit.framework */ = {isa = PBXFileReference; lastKnownFileType = wrapper.framework; name = IOKit.framework; path = System/Library/Frameworks/IOKit.framework; sourceTree = SDKROOT; };
		0434063F638FC0C093FAC059 /* MusicalContext.cpp */ /* MusicalContext.cpp */ = {isa = PBXFileReference; lastKnownFileType = sourcecode.cpp.cpp; name = MusicalContext.cpp; path = ../../Source/MusicalContext.cpp; sourceTree = SOURCE_ROOT; };
		1165206DA23C1C4B0EFDBB10 /* juce_gui_basics */ /* juce_gui_basics */ = {isa = PBXFileReference; lastKnownFileType = folder; name = juce_gui_basics; path = ../../3rdParty/JUCE/modules/juce_gui_basics; sourceTree = SOURCE_ROOT; };
		1DAD1704B1D93FDEC6C715C8 /* CoreAudioKit.framework */ /* CoreAudioKit.framework */ = {isa = PBXFileReference; lastKnownFileType = wrapper.framework; name = CoreAudioKit.framework; path = System/Library/Frameworks/CoreAudioKit.framework; sourceTree = SDKROOT; };
		27547FAF8278FA3D1DBF58EC /* Carbon.framework */ /* Carbon.framework */ = {isa = PBXFileReference; lastKnownFileType = wrapper.framework; name = Carbon.framework; path = System/Library/Frameworks/Carbon.framework; sourceTree = SDKROOT; };
		2AE33E40AC8487429A60201C /* Playhead.cpp */ /* Playhead.cpp */ = {isa = PBXFileReference; lastKnownFileType = sourcecode.cpp.cpp; name = Playhead.cpp; path = ../../Source/Playhead.cpp; sourceTree = SOURCE_ROOT; };
		347D271E3822C98BF61CED41 /* Clip.cpp */ /* Clip.cpp */ = {isa = PBXFileReference; lastKnownFileType = sourcecode.cpp.cpp; name = Clip.cpp; path = ../../Source/Clip.cpp; sourceTree = SOURCE_ROOT; };
		384F5E3E6884BB00C849A9F7 /* include_juce_audio_formats.mm */ /* include_juce_audio_formats.mm */ = {isa = PBXFileReference; lastKnownFileType = sourcecode.cpp.objcpp; name = include_juce_audio_formats.mm; path = ../../JuceLibraryCode/include_juce_audio_formats.mm; sourceTree = SOURCE_ROOT; };
		3A6E3C0C1F0C7ADCB07F3A54 /* HardwareDevice.cpp */ /* HardwareDevice.cpp */ = {isa = PBXFileReference; lastKnownFileType = sourcecode.cpp.cpp; name = HardwareDevice.cpp; path = ../../Source/HardwareDevice.cpp; sourceTree = SOURCE_ROOT; };
		404FB1CEDA2283FD335B314A /* HardwareDevice.h */ /* HardwareDevice.h */ = {isa = PBXFileReference; lastKnownFileType = sourcecode.c.h; name = HardwareDevice.h; path = ../../Source/HardwareDevice.h; sourceTree = SOURCE_ROOT; };
		4C66AB972C8E9BC837F8D209 /* Clip.h */ /* Clip.h */ = {isa = PBXFileReference; lastKnownFileType = sourcecode.c.h; name = Clip.h; path = ../../Source/Clip.h; sourceTree = SOURCE_ROOT; };
		4FEFA13EF7CE1CD569D95EA5 /* include_juce_audio_basics.mm */ /* include_juce_audio_basics.mm */ = {isa = PBXFileReference; lastKnownFileType = sourcecode.cpp.objcpp; name = include_juce_audio_basics.mm; path = ../../JuceLibraryCode/include_juce_audio_basics.mm; sourceTree = SOURCE_ROOT; };
		511F075D71A0AE8CCBABDFDD /* Main.cpp */ /* Main.cpp */ = {isa = PBXFileReference; lastKnownFileType = sourcecode.cpp.cpp; name = Main.cpp; path = ../../Source/Main.cpp; sourceTree = SOURCE_ROOT; };
		557D6DDCB4D313F2B9ED3BD8 /* juce_audio_devices */ /* juce_audio_devices */ = {isa = PBXFileReference; lastKnownFileType = folder; name = juce_audio_devices; path = ../../3rdParty/JUCE/modules/juce_audio_devices; sourceTree = SOURCE_ROOT; };
		5BC03489880E2F189094901E /* WebKit.framework */ /* WebKit.framework */ = {isa = PBXFileReference; lastKnownFileType = wrapper.framework; name = WebKit.framework; path = System/Library/Frameworks/WebKit.framework; sourceTree = SDKROOT; };
		5E43A549B77C5624A5CE0DBC /* DevelopmentUIComponent.h */ /* DevelopmentUIComponent.h */ = {isa = PBXFileReference; lastKnownFileType = sourcecode.c.h; name = DevelopmentUIComponent.h; path = ../../Source/DevelopmentUIComponent.h; sourceTree = SOURCE_ROOT; };
		61CCF42B901B60B1D41336A0 /* include_juce_data_structures.mm */ /* include_juce_data_structures.mm */ = {isa = PBXFileReference; lastKnownFileType = sourcecode.cpp.objcpp; name = include_juce_data_structures.mm; path = ../../JuceLibraryCode/include_juce_data_structures.mm; sourceTree = SOURCE_ROOT; };
		6B26B33640012F950C2904D0 /* juce_core */ /* juce_core */ = {isa = PBXFileReference; lastKnownFileType = folder; name = juce_core; path = ../../3rdParty/JUCE/modules/juce_core; sourceTree = SOURCE_ROOT; };
		6B85CFEA929D9E6B153F8F8F /* Cocoa.framework */ /* Cocoa.framework */ = {isa = PBXFileReference; lastKnownFileType = wrapper.framework; name = Cocoa.framework; path = System/Library/Frameworks/Cocoa.framework; sourceTree = SDKROOT; };
		6BB4688AD437D209106C4F92 /* AudioToolbox.framework */ /* AudioToolbox.framework */ = {isa = PBXFileReference; lastKnownFileType = wrapper.framework; name = AudioToolbox.framework; path = System/Library/Frameworks/AudioToolbox.framework; sourceTree = SDKROOT; };
		6BF2DD80853B37754681F414 /* Foundation.framework */ /* Foundation.framework */ = {isa = PBXFileReference; lastKnownFileType = wrapper.framework; name = Foundation.framework; path = System/Library/Frameworks/Foundation.framework; sourceTree = SDKROOT; };
		74C923CDA21F8C2E766EA8CE /* include_juce_core.mm */ /* include_juce_core.mm */ = {isa = PBXFileReference; lastKnownFileType = sourcecode.cpp.objcpp; name = include_juce_core.mm; path = ../../JuceLibraryCode/include_juce_core.mm; sourceTree = SOURCE_ROOT; };
		7959E7B0FCC83F0B2980B8EF /* Track.cpp */ /* Track.cpp */ = {isa = PBXFileReference; lastKnownFileType = sourcecode.cpp.cpp; name = Track.cpp; path = ../../Source/Track.cpp; sourceTree = SOURCE_ROOT; };
		79F8C866EEDCFAEFF254BA0C /* MainComponent.h */ /* MainComponent.h */ = {isa = PBXFileReference; lastKnownFileType = sourcecode.c.h; name = MainComponent.h; path = ../../Source/MainComponent.h; sourceTree = SOURCE_ROOT; };
		8139639C53A5B420A289B75D /* include_juce_audio_utils.mm */ /* include_juce_audio_utils.mm */ = {isa = PBXFileReference; lastKnownFileType = sourcecode.cpp.objcpp; name = include_juce_audio_utils.mm; path = ../../JuceLibraryCode/include_juce_audio_utils.mm; sourceTree = SOURCE_ROOT; };
		87DDF9398F72D1EAB9701314 /* juce_audio_utils */ /* juce_audio_utils */ = {isa = PBXFileReference; lastKnownFileType = folder; name = juce_audio_utils; path = ../../3rdParty/JUCE/modules/juce_audio_utils; sourceTree = SOURCE_ROOT; };
		88C0F7CBD93248F22F6F10B6 /* juce_graphics */ /* juce_graphics */ = {isa = PBXFileReference; lastKnownFileType = folder; name = juce_graphics; path = ../../3rdParty/JUCE/modules/juce_graphics; sourceTree = SOURCE_ROOT; };
		89FFEF4F826D3E3EE97C2CCC /* Info-App.plist */ /* Info-App.plist */ = {isa = PBXFileReference; lastKnownFileType = text.plist.xml; name = "Info-App.plist"; path = "Info-App.plist"; sourceTree = SOURCE_ROOT; };
		8C2179545E791DEE5C13CEDD /* juce_osc */ /* juce_osc */ = {isa = PBXFileReference; lastKnownFileType = folder; name = juce_osc; path = ../../3rdParty/JUCE/modules/juce_osc; sourceTree = SOURCE_ROOT; };
		920ED8FAFFB91CCF6F321D2A /* include_juce_events.mm */ /* include_juce_events.mm */ = {isa = PBXFileReference; lastKnownFileType = sourcecode.cpp.objcpp; name = include_juce_events.mm; path = ../../JuceLibraryCode/include_juce_events.mm; sourceTree = SOURCE_ROOT; };
		987267E20591A1C35113C0E2 /* MusicalContext.h */ /* MusicalContext.h */ = {isa = PBXFileReference; lastKnownFileType = sourcecode.c.h; name = MusicalContext.h; path = ../../Source/MusicalContext.h; sourceTree = SOURCE_ROOT; };
		9BE32A48F6118E7D18DC1D8B /* juce_events */ /* juce_events */ = {isa = PBXFileReference; lastKnownFileType = folder; name = juce_events; path = ../../3rdParty/JUCE/modules/juce_events; sourceTree = SOURCE_ROOT; };
		ACFEEB068DE2956CA772A600 /* include_juce_audio_devices.mm */ /* include_juce_audio_devices.mm */ = {isa = PBXFileReference; lastKnownFileType = sourcecode.cpp.objcpp; name = include_juce_audio_devices.mm; path = ../../JuceLibraryCode/include_juce_audio_devices.mm; sourceTree = SOURCE_ROOT; };
		AE84BCA83B06020E6A8C2A7A /* CoreMIDI.framework */ /* CoreMIDI.framework */ = {isa = PBXFileReference; lastKnownFileType = wrapper.framework; name = CoreMIDI.framework; path = System/Library/Frameworks/CoreMIDI.framework; sourceTree = SDKROOT; };
		B05E1DF74A57DBA57AC83DB8 /* Track.h */ /* Track.h */ = {isa = PBXFileReference; lastKnownFileType = sourcecode.c.h; name = Track.h; path = ../../Source/Track.h; sourceTree = SOURCE_ROOT; };
		B243C41E9E97A60B33E4C0EF /* juce_audio_basics */ /* juce_audio_basics */ = {isa = PBXFileReference; lastKnownFileType = folder; name = juce_audio_basics; path = ../../3rdParty/JUCE/modules/juce_audio_basics; sourceTree = SOURCE_ROOT; };
		B27EE9CD1F88E525910B12D0 /* Accelerate.framework */ /* Accelerate.framework */ = {isa = PBXFileReference; lastKnownFileType = wrapper.framework; name = Accelerate.framework; path = System/Library/Frameworks/Accelerate.framework; sourceTree = SDKROOT; };
		B55B4136B4867869FBF39898 /* juce_audio_formats */ /* juce_audio_formats */ = {isa = PBXFileReference; lastKnownFileType = folder; name = juce_audio_formats; path = ../../3rdParty/JUCE/modules/juce_audio_formats; sourceTree = SOURCE_ROOT; };
		B75396ACFB882192D35F9847 /* include_juce_gui_basics.mm */ /* include_juce_gui_basics.mm */ = {isa = PBXFileReference; lastKnownFileType = sourcecode.cpp.objcpp; name = include_juce_gui_basics.mm; path = ../../JuceLibraryCode/include_juce_gui_basics.mm; sourceTree = SOURCE_ROOT; };
		B754769E0E01B3B7776F3571 /* juce_audio_processors */ /* juce_audio_processors */ = {isa = PBXFileReference; lastKnownFileType = folder; name = juce_audio_processors; path = ../../3rdParty/JUCE/modules/juce_audio_processors; sourceTree = SOURCE_ROOT; };
		B846BD05D97B63F98ABC68A2 /* SynthAudioSource.h */ /* SynthAudioSource.h */ = {isa = PBXFileReference; lastKnownFileType = sourcecode.c.h; name = SynthAudioSource.h; path = ../../Source/SynthAudioSource.h; sourceTree = SOURCE_ROOT; };
		BA91D95FC39C6206C1992165 /* juce_gui_extra */ /* juce_gui_extra */ = {isa = PBXFileReference; lastKnownFileType = folder; name = juce_gui_extra; path = ../../3rdParty/JUCE/modules/juce_gui_extra; sourceTree = SOURCE_ROOT; };
		BA9B90BA1960C94D5B03CE05 /* CoreAudio.framework */ /* CoreAudio.framework */ = {isa = PBXFileReference; lastKnownFileType = wrapper.framework; name = CoreAudio.framework; path = System/Library/Frameworks/CoreAudio.framework; sourceTree = SDKROOT; };
		BCE5654759C4BA074BCA8007 /* App */ = {isa = PBXFileReference; explicitFileType = wrapper.application; includeInIndex = 0; path = Shepherd.app; sourceTree = BUILT_PRODUCTS_DIR; };
		CC527982EC7EEBC1C0D1B2A8 /* DiscRecording.framework */ /* DiscRecording.framework */ = {isa = PBXFileReference; lastKnownFileType = wrapper.framework; name = DiscRecording.framework; path = System/Library/Frameworks/DiscRecording.framework; sourceTree = SDKROOT; };
		DBC84B163AD356A9BA6CAC06 /* defines.h */ /* defines.h */ = {isa = PBXFileReference; lastKnownFileType = sourcecode.c.h; name = defines.h; path = ../../Source/defines.h; sourceTree = SOURCE_ROOT; };
		DC6FF832889AB08AD96EA65E /* RecentFilesMenuTemplate.nib */ /* RecentFilesMenuTemplate.nib */ = {isa = PBXFileReference; lastKnownFileType = file.nib; name = RecentFilesMenuTemplate.nib; path = RecentFilesMenuTemplate.nib; sourceTree = SOURCE_ROOT; };
		DC9B13C1B81B3E0E11B7FA3E /* juce_data_structures */ /* juce_data_structures */ = {isa = PBXFileReference; lastKnownFileType = folder; name = juce_data_structures; path = ../../3rdParty/JUCE/modules/juce_data_structures; sourceTree = SOURCE_ROOT; };
		E86C13006901652FBA4B7731 /* include_juce_gui_extra.mm */ /* include_juce_gui_extra.mm */ = {isa = PBXFileReference; lastKnownFileType = sourcecode.cpp.objcpp; name = include_juce_gui_extra.mm; path = ../../JuceLibraryCode/include_juce_gui_extra.mm; sourceTree = SOURCE_ROOT; };
		EB06C6CF21063A2729F1DA5D /* include_juce_audio_processors.mm */ /* include_juce_audio_processors.mm */ = {isa = PBXFileReference; lastKnownFileType = sourcecode.cpp.objcpp; name = include_juce_audio_processors.mm; path = ../../JuceLibraryCode/include_juce_audio_processors.mm; sourceTree = SOURCE_ROOT; };
		F12CAA4810840C3006F52E0C /* MainComponent.cpp */ /* MainComponent.cpp */ = {isa = PBXFileReference; lastKnownFileType = sourcecode.cpp.cpp; name = MainComponent.cpp; path = ../../Source/MainComponent.cpp; sourceTree = SOURCE_ROOT; };
		F32D398184165E062A04518F /* include_juce_osc.cpp */ /* include_juce_osc.cpp */ = {isa = PBXFileReference; lastKnownFileType = sourcecode.cpp.cpp; name = include_juce_osc.cpp; path = ../../JuceLibraryCode/include_juce_osc.cpp; sourceTree = SOURCE_ROOT; };
		F6521B2621C8B17B4A90E029 /* include_juce_graphics.mm */ /* include_juce_graphics.mm */ = {isa = PBXFileReference; lastKnownFileType = sourcecode.cpp.objcpp; name = include_juce_graphics.mm; path = ../../JuceLibraryCode/include_juce_graphics.mm; sourceTree = SOURCE_ROOT; };
		FD0C388EA33F976CD321632B /* Playhead.h */ /* Playhead.h */ = {isa = PBXFileReference; lastKnownFileType = sourcecode.c.h; name = Playhead.h; path = ../../Source/Playhead.h; sourceTree = SOURCE_ROOT; };
		FF790A76521F553757785A56 /* QuartzCore.framework */ /* QuartzCore.framework */ = {isa = PBXFileReference; lastKnownFileType = wrapper.framework; name = QuartzCore.framework; path = System/Library/Frameworks/QuartzCore.framework; sourceTree = SDKROOT; };
/* End PBXFileReference section */

/* Begin PBXFrameworksBuildPhase section */
		4D465AA747758AA849CD224A = {
			isa = PBXFrameworksBuildPhase;
			buildActionMask = 2147483647;
			files = (
				D3A88E08A1D57626BBA2A35D,
				B99641FA5277FD432232785F,
				C35E7131F3DAFE95C6BD9D79,
				B15E141488847BADF9C45F6A,
				6760154845893D8766C18D5D,
				BC466D0144C64F168087E2BB,
				49BBA30A7054AC03286B5714,
				234F6C7D461BFA37C7231198,
				05609B1ED2D5D22AA3B02777,
				C84ED5A6D1CD4C3192EC2897,
				D41C996CBF67BCA5287B1B39,
				542ECF9FD0C9CD63CAEAD700,
			);
			runOnlyForDeploymentPostprocessing = 0;
		};
/* End PBXFrameworksBuildPhase section */

/* Begin PBXGroup section */
		08EDD90F1D81BF1294E2AD58 /* Resources */ = {
			isa = PBXGroup;
			children = (
				89FFEF4F826D3E3EE97C2CCC,
				DC6FF832889AB08AD96EA65E,
			);
			name = Resources;
			sourceTree = "<group>";
		};
		150BA7CC292CB4086D108703 /* Source */ = {
			isa = PBXGroup;
			children = (
				C6D487D98CF9A270759D9DE6,
				E4DFB7FF29E024DCB655A76B,
				34A2BC8E08EA65857B2652AA,
				08EDD90F1D81BF1294E2AD58,
				CF7351C4FAA4A4D8750FEFC6,
				1609E310E832AB8D9E838129,
			);
			name = Source;
			sourceTree = "<group>";
		};
		1609E310E832AB8D9E838129 /* Products */ = {
			isa = PBXGroup;
			children = (
				BCE5654759C4BA074BCA8007,
			);
			name = Products;
			sourceTree = "<group>";
		};
		34A2BC8E08EA65857B2652AA /* JUCE Library Code */ = {
			isa = PBXGroup;
			children = (
				4FEFA13EF7CE1CD569D95EA5,
				ACFEEB068DE2956CA772A600,
				384F5E3E6884BB00C849A9F7,
				EB06C6CF21063A2729F1DA5D,
				8139639C53A5B420A289B75D,
				74C923CDA21F8C2E766EA8CE,
				61CCF42B901B60B1D41336A0,
				920ED8FAFFB91CCF6F321D2A,
				F6521B2621C8B17B4A90E029,
				B75396ACFB882192D35F9847,
				E86C13006901652FBA4B7731,
				F32D398184165E062A04518F,
				03A740DEA592055FB808D704,
			);
			name = "JUCE Library Code";
			sourceTree = "<group>";
		};
		C6D487D98CF9A270759D9DE6 /* Shepherd */ = {
			isa = PBXGroup;
			children = (
				F220529C75B9D659A292A07F,
			);
			name = Shepherd;
			sourceTree = "<group>";
		};
		CF7351C4FAA4A4D8750FEFC6 /* Frameworks */ = {
			isa = PBXGroup;
			children = (
				B27EE9CD1F88E525910B12D0,
				6BB4688AD437D209106C4F92,
				27547FAF8278FA3D1DBF58EC,
				6B85CFEA929D9E6B153F8F8F,
				BA9B90BA1960C94D5B03CE05,
				1DAD1704B1D93FDEC6C715C8,
				AE84BCA83B06020E6A8C2A7A,
				CC527982EC7EEBC1C0D1B2A8,
				6BF2DD80853B37754681F414,
				03A987C18D6403999FAF9FFF,
				FF790A76521F553757785A56,
				5BC03489880E2F189094901E,
			);
			name = Frameworks;
			sourceTree = "<group>";
		};
		E4DFB7FF29E024DCB655A76B /* JUCE Modules */ = {
			isa = PBXGroup;
			children = (
				B243C41E9E97A60B33E4C0EF,
				557D6DDCB4D313F2B9ED3BD8,
				B55B4136B4867869FBF39898,
				B754769E0E01B3B7776F3571,
				87DDF9398F72D1EAB9701314,
				6B26B33640012F950C2904D0,
				DC9B13C1B81B3E0E11B7FA3E,
				9BE32A48F6118E7D18DC1D8B,
				88C0F7CBD93248F22F6F10B6,
				1165206DA23C1C4B0EFDBB10,
				BA91D95FC39C6206C1992165,
				8C2179545E791DEE5C13CEDD,
			);
			name = "JUCE Modules";
			sourceTree = "<group>";
		};
		F220529C75B9D659A292A07F /* Source */ = {
			isa = PBXGroup;
			children = (
				DBC84B163AD356A9BA6CAC06,
				511F075D71A0AE8CCBABDFDD,
				B846BD05D97B63F98ABC68A2,
				5E43A549B77C5624A5CE0DBC,
				79F8C866EEDCFAEFF254BA0C,
				F12CAA4810840C3006F52E0C,
				987267E20591A1C35113C0E2,
				0434063F638FC0C093FAC059,
				404FB1CEDA2283FD335B314A,
				3A6E3C0C1F0C7ADCB07F3A54,
				B05E1DF74A57DBA57AC83DB8,
				7959E7B0FCC83F0B2980B8EF,
				4C66AB972C8E9BC837F8D209,
				347D271E3822C98BF61CED41,
				FD0C388EA33F976CD321632B,
				2AE33E40AC8487429A60201C,
			);
			name = Source;
			sourceTree = "<group>";
		};
/* End PBXGroup section */

/* Begin PBXNativeTarget section */
		07E8D1F4D17B555E66BE1553 /* Shepherd - App */ = {
			isa = PBXNativeTarget;
			buildConfigurationList = 321451F80415B601316A2507;
			buildPhases = (
				C5FBE009143278A4AAB1BCDD,
				A75327466E22107FCD8AD62D,
				4D465AA747758AA849CD224A,
			);
			buildRules = (
			);
			dependencies = (
			);
			name = "Shepherd - App";
			productName = Shepherd;
			productReference = BCE5654759C4BA074BCA8007;
			productType = "com.apple.product-type.application";
		};
/* End PBXNativeTarget section */

/* Begin PBXProject section */
		7E8DEF92E1413EFB9E2D2BE4 = {
			isa = PBXProject;
			attributes = {
				LastUpgradeCheck = 1240;
				ORGANIZATIONNAME = "";
				TargetAttributes = {
					07E8D1F4D17B555E66BE1553 = {
						SystemCapabilities = {
							com.apple.ApplicationGroups.iOS = {
								enabled = 0;
							};
							com.apple.HardenedRuntime = {
								enabled = 0;
							};
							com.apple.InAppPurchase = {
								enabled = 0;
							};
							com.apple.InterAppAudio = {
								enabled = 0;
							};
							com.apple.Push = {
								enabled = 0;
							};
							com.apple.Sandbox = {
								enabled = 0;
							};
						};
					};
				};
			};
			buildConfigurationList = 233181FF2AA70F716F60382D;
			compatibilityVersion = "Xcode 3.2";
			hasScannedForEncodings = 0;
			knownRegions = (
				en,
				Base,
			);
			mainGroup = 150BA7CC292CB4086D108703;
			projectDirPath = "";
			projectRoot = "";
			targets = (
				07E8D1F4D17B555E66BE1553,
			);
		};
/* End PBXProject section */

/* Begin PBXResourcesBuildPhase section */
		C5FBE009143278A4AAB1BCDD = {
			isa = PBXResourcesBuildPhase;
			buildActionMask = 2147483647;
			files = (
				D91EF08E1C5F33AB2EA18119,
			);
			runOnlyForDeploymentPostprocessing = 0;
		};
/* End PBXResourcesBuildPhase section */

/* Begin PBXSourcesBuildPhase section */
		A75327466E22107FCD8AD62D = {
			isa = PBXSourcesBuildPhase;
			buildActionMask = 2147483647;
			files = (
				9BD45321028A848B2EE9552E,
				D0FEA7251068B7C50BCF8D8E,
				42C782DAE62808A6D403DA56,
				5DF5A44D7A103533DEE3104D,
				203917DCA094127EBB5DC33C,
				2C003623372CFC17DDBBA6DC,
				53CD688FD348959432380A00,
				1B8AE3B484852EFC1797ECA2,
				4E8E80F9E3F516F841A7C8B1,
				2B4955CC9F1351D3C28281D1,
				1BE376D7CCAF51ACB550911E,
				CE386432D653AB1933989FED,
				77514EF4F883437FA52B48AF,
				BD7FE7B748CEBE94D91E44AF,
				EFCC992221B5A43585BF0B1E,
				5C4AE88308075E66DBF066AF,
				758D9F221FA250092BE01285,
				1E2E0B8328B47EC93E28E55D,
				F0108CDE0589FB21C2CE242B,
			);
			runOnlyForDeploymentPostprocessing = 0;
		};
/* End PBXSourcesBuildPhase section */

/* Begin XCBuildConfiguration section */
		044D002FC054B43802C2D0F6 /* Release */ = {
			isa = XCBuildConfiguration;
			buildSettings = {
				CLANG_CXX_LANGUAGE_STANDARD = "c++14";
				CLANG_CXX_LIBRARY = "libc++";
				CLANG_LINK_OBJC_RUNTIME = NO;
				CODE_SIGN_IDENTITY = "";
				COMBINE_HIDPI_IMAGES = YES;
				CONFIGURATION_BUILD_DIR = "$(PROJECT_DIR)/build/$(CONFIGURATION)";
				DEAD_CODE_STRIPPING = YES;
				GCC_GENERATE_DEBUGGING_SYMBOLS = NO;
				GCC_OPTIMIZATION_LEVEL = 3;
				GCC_PREPROCESSOR_DEFINITIONS = (
					"_NDEBUG=1",
					"NDEBUG=1",
					"JUCE_DISPLAY_SPLASH_SCREEN=0",
					"JUCE_USE_DARK_SPLASH_SCREEN=1",
					"JUCE_PROJUCER_VERSION=0x60008",
					"JUCE_MODULE_AVAILABLE_juce_audio_basics=1",
					"JUCE_MODULE_AVAILABLE_juce_audio_devices=1",
					"JUCE_MODULE_AVAILABLE_juce_audio_formats=1",
					"JUCE_MODULE_AVAILABLE_juce_audio_processors=1",
					"JUCE_MODULE_AVAILABLE_juce_audio_utils=1",
					"JUCE_MODULE_AVAILABLE_juce_core=1",
					"JUCE_MODULE_AVAILABLE_juce_data_structures=1",
					"JUCE_MODULE_AVAILABLE_juce_events=1",
					"JUCE_MODULE_AVAILABLE_juce_graphics=1",
					"JUCE_MODULE_AVAILABLE_juce_gui_basics=1",
					"JUCE_MODULE_AVAILABLE_juce_gui_extra=1",
					"JUCE_MODULE_AVAILABLE_juce_osc=1",
					"JUCE_GLOBAL_MODULE_SETTINGS_INCLUDED=1",
					"JUCE_STRICT_REFCOUNTEDPOINTER=1",
					"JUCE_STANDALONE_APPLICATION=1",
					"JUCER_XCODE_MAC_F6D2F4CF=1",
					"JUCE_APP_VERSION=1.0.0",
					"JUCE_APP_VERSION_HEX=0x10000",
					"JucePlugin_Build_VST=0",
					"JucePlugin_Build_VST3=0",
					"JucePlugin_Build_AU=0",
					"JucePlugin_Build_AUv3=0",
					"JucePlugin_Build_RTAS=0",
					"JucePlugin_Build_AAX=0",
					"JucePlugin_Build_Standalone=0",
					"JucePlugin_Build_Unity=0",
				);
				GCC_VERSION = com.apple.compilers.llvm.clang.1_0;
				HEADER_SEARCH_PATHS = (
					"$(SRCROOT)/../../JuceLibraryCode",
					"$(SRCROOT)/../../3rdParty/JUCE/modules",
					"$(inherited)",
				);
				INFOPLIST_FILE = Info-App.plist;
				INFOPLIST_PREPROCESS = NO;
				INSTALL_PATH = "$(HOME)/Applications";
				LLVM_LTO = YES;
				MACOSX_DEPLOYMENT_TARGET = 10.11;
				MTL_HEADER_SEARCH_PATHS = "$(SRCROOT)/../../JuceLibraryCode $(SRCROOT)/../../3rdParty/JUCE/modules";
				PRODUCT_BUNDLE_IDENTIFIER = com.yourcompany.Shepherd;
				PRODUCT_NAME = "Shepherd";
				USE_HEADERMAP = NO;
				VALID_ARCHS = "i386 x86_64 arm64 arm64e";
			};
			name = Release;
		};
		1B447558CE4A175F0279C32D /* Release */ = {
			isa = XCBuildConfiguration;
			buildSettings = {
				ALWAYS_SEARCH_USER_PATHS = NO;
				CLANG_ENABLE_OBJC_WEAK = YES;
				CLANG_WARN_BLOCK_CAPTURE_AUTORELEASING = YES;
				CLANG_WARN_BOOL_CONVERSION = YES;
				CLANG_WARN_COMMA = YES;
				CLANG_WARN_CONSTANT_CONVERSION = YES;
				CLANG_WARN_DEPRECATED_OBJC_IMPLEMENTATIONS = YES;
				CLANG_WARN_EMPTY_BODY = YES;
				CLANG_WARN_ENUM_CONVERSION = YES;
				CLANG_WARN_INFINITE_RECURSION = YES;
				CLANG_WARN_INT_CONVERSION = YES;
				CLANG_WARN_NON_LITERAL_NULL_CONVERSION = YES;
				CLANG_WARN_OBJC_IMPLICIT_RETAIN_SELF = YES;
				CLANG_WARN_OBJC_LITERAL_CONVERSION = YES;
				CLANG_WARN_RANGE_LOOP_ANALYSIS = YES;
				CLANG_WARN_STRICT_PROTOTYPES = YES;
				CLANG_WARN_SUSPICIOUS_MOVE = YES;
				CLANG_WARN_UNREACHABLE_CODE = YES;
				CLANG_WARN__DUPLICATE_METHOD_MATCH = YES;
				CODE_SIGN_IDENTITY = "";
				DEBUG_INFORMATION_FORMAT = dwarf;
				ENABLE_STRICT_OBJC_MSGSEND = YES;
				ENABLE_TESTABILITY = NO;
				GCC_C_LANGUAGE_STANDARD = c11;
				GCC_INLINES_ARE_PRIVATE_EXTERN = YES;
				GCC_MODEL_TUNING = G5;
				GCC_NO_COMMON_BLOCKS = YES;
				GCC_SYMBOLS_PRIVATE_EXTERN = YES;
				GCC_WARN_64_TO_32_BIT_CONVERSION = YES;
				GCC_WARN_ABOUT_RETURN_TYPE = YES;
				GCC_WARN_CHECK_SWITCH_STATEMENTS = YES;
				GCC_WARN_MISSING_PARENTHESES = YES;
				GCC_WARN_NON_VIRTUAL_DESTRUCTOR = YES;
				GCC_WARN_TYPECHECK_CALLS_TO_PRINTF = YES;
				GCC_WARN_UNDECLARED_SELECTOR = YES;
				GCC_WARN_UNINITIALIZED_AUTOS = YES;
				GCC_WARN_UNUSED_FUNCTION = YES;
				GCC_WARN_UNUSED_VARIABLE = YES;
				PRODUCT_NAME = "Shepherd";
				SDKROOT = macosx;
				WARNING_CFLAGS = "-Wreorder";
				ZERO_LINK = NO;
			};
			name = Release;
		};
		5693588F86412D9273315BC5 /* Debug */ = {
			isa = XCBuildConfiguration;
			buildSettings = {
				CLANG_CXX_LANGUAGE_STANDARD = "c++14";
				CLANG_CXX_LIBRARY = "libc++";
				CLANG_LINK_OBJC_RUNTIME = NO;
				CODE_SIGN_IDENTITY = "";
				COMBINE_HIDPI_IMAGES = YES;
				CONFIGURATION_BUILD_DIR = "$(PROJECT_DIR)/build/$(CONFIGURATION)";
				COPY_PHASE_STRIP = NO;
				GCC_DYNAMIC_NO_PIC = NO;
				GCC_OPTIMIZATION_LEVEL = 0;
				GCC_PREPROCESSOR_DEFINITIONS = (
					"_DEBUG=1",
					"DEBUG=1",
					"JUCE_DISPLAY_SPLASH_SCREEN=0",
					"JUCE_USE_DARK_SPLASH_SCREEN=1",
					"JUCE_PROJUCER_VERSION=0x60008",
					"JUCE_MODULE_AVAILABLE_juce_audio_basics=1",
					"JUCE_MODULE_AVAILABLE_juce_audio_devices=1",
					"JUCE_MODULE_AVAILABLE_juce_audio_formats=1",
					"JUCE_MODULE_AVAILABLE_juce_audio_processors=1",
					"JUCE_MODULE_AVAILABLE_juce_audio_utils=1",
					"JUCE_MODULE_AVAILABLE_juce_core=1",
					"JUCE_MODULE_AVAILABLE_juce_data_structures=1",
					"JUCE_MODULE_AVAILABLE_juce_events=1",
					"JUCE_MODULE_AVAILABLE_juce_graphics=1",
					"JUCE_MODULE_AVAILABLE_juce_gui_basics=1",
					"JUCE_MODULE_AVAILABLE_juce_gui_extra=1",
					"JUCE_MODULE_AVAILABLE_juce_osc=1",
					"JUCE_GLOBAL_MODULE_SETTINGS_INCLUDED=1",
					"JUCE_STRICT_REFCOUNTEDPOINTER=1",
					"JUCE_STANDALONE_APPLICATION=1",
					"JUCER_XCODE_MAC_F6D2F4CF=1",
					"JUCE_APP_VERSION=1.0.0",
					"JUCE_APP_VERSION_HEX=0x10000",
					"JucePlugin_Build_VST=0",
					"JucePlugin_Build_VST3=0",
					"JucePlugin_Build_AU=0",
					"JucePlugin_Build_AUv3=0",
					"JucePlugin_Build_RTAS=0",
					"JucePlugin_Build_AAX=0",
					"JucePlugin_Build_Standalone=0",
					"JucePlugin_Build_Unity=0",
				);
				GCC_VERSION = com.apple.compilers.llvm.clang.1_0;
				HEADER_SEARCH_PATHS = (
					"$(SRCROOT)/../../JuceLibraryCode",
					"$(SRCROOT)/../../3rdParty/JUCE/modules",
					"$(inherited)",
				);
				INFOPLIST_FILE = Info-App.plist;
				INFOPLIST_PREPROCESS = NO;
				INSTALL_PATH = "$(HOME)/Applications";
				MACOSX_DEPLOYMENT_TARGET = 10.11;
				MTL_HEADER_SEARCH_PATHS = "$(SRCROOT)/../../JuceLibraryCode $(SRCROOT)/../../3rdParty/JUCE/modules";
				PRODUCT_BUNDLE_IDENTIFIER = com.yourcompany.Shepherd;
				PRODUCT_NAME = "Shepherd";
				USE_HEADERMAP = NO;
				VALID_ARCHS = "i386 x86_64 arm64 arm64e";
			};
			name = Debug;
		};
		A73583A6A93CC33588F310BB /* Debug */ = {
			isa = XCBuildConfiguration;
			buildSettings = {
				ALWAYS_SEARCH_USER_PATHS = NO;
				CLANG_ENABLE_OBJC_WEAK = YES;
				CLANG_WARN_BLOCK_CAPTURE_AUTORELEASING = YES;
				CLANG_WARN_BOOL_CONVERSION = YES;
				CLANG_WARN_COMMA = YES;
				CLANG_WARN_CONSTANT_CONVERSION = YES;
				CLANG_WARN_DEPRECATED_OBJC_IMPLEMENTATIONS = YES;
				CLANG_WARN_EMPTY_BODY = YES;
				CLANG_WARN_ENUM_CONVERSION = YES;
				CLANG_WARN_INFINITE_RECURSION = YES;
				CLANG_WARN_INT_CONVERSION = YES;
				CLANG_WARN_NON_LITERAL_NULL_CONVERSION = YES;
				CLANG_WARN_OBJC_IMPLICIT_RETAIN_SELF = YES;
				CLANG_WARN_OBJC_LITERAL_CONVERSION = YES;
				CLANG_WARN_RANGE_LOOP_ANALYSIS = YES;
				CLANG_WARN_STRICT_PROTOTYPES = YES;
				CLANG_WARN_SUSPICIOUS_MOVE = YES;
				CLANG_WARN_UNREACHABLE_CODE = YES;
				CLANG_WARN__DUPLICATE_METHOD_MATCH = YES;
				CODE_SIGN_IDENTITY = "";
				DEBUG_INFORMATION_FORMAT = dwarf;
				ENABLE_STRICT_OBJC_MSGSEND = YES;
				ENABLE_TESTABILITY = NO;
				GCC_C_LANGUAGE_STANDARD = c11;
				GCC_INLINES_ARE_PRIVATE_EXTERN = YES;
				GCC_MODEL_TUNING = G5;
				GCC_NO_COMMON_BLOCKS = YES;
				GCC_SYMBOLS_PRIVATE_EXTERN = YES;
				GCC_WARN_64_TO_32_BIT_CONVERSION = YES;
				GCC_WARN_ABOUT_RETURN_TYPE = YES;
				GCC_WARN_CHECK_SWITCH_STATEMENTS = YES;
				GCC_WARN_MISSING_PARENTHESES = YES;
				GCC_WARN_NON_VIRTUAL_DESTRUCTOR = YES;
				GCC_WARN_TYPECHECK_CALLS_TO_PRINTF = YES;
				GCC_WARN_UNDECLARED_SELECTOR = YES;
				GCC_WARN_UNINITIALIZED_AUTOS = YES;
				GCC_WARN_UNUSED_FUNCTION = YES;
				GCC_WARN_UNUSED_VARIABLE = YES;
				ONLY_ACTIVE_ARCH = YES;
				PRODUCT_NAME = "Shepherd";
				SDKROOT = macosx;
				WARNING_CFLAGS = "-Wreorder";
				ZERO_LINK = NO;
			};
			name = Debug;
		};
/* End XCBuildConfiguration section */

/* Begin XCConfigurationList section */
		233181FF2AA70F716F60382D = {
			isa = XCConfigurationList;
			buildConfigurations = (
				1B447558CE4A175F0279C32D,
				A73583A6A93CC33588F310BB,
			);
			defaultConfigurationIsVisible = 0;
			defaultConfigurationName = Debug;
		};
		321451F80415B601316A2507 = {
			isa = XCConfigurationList;
			buildConfigurations = (
				5693588F86412D9273315BC5,
				044D002FC054B43802C2D0F6,
			);
			defaultConfigurationIsVisible = 0;
			defaultConfigurationName = Debug;
		};
/* End XCConfigurationList section */
	};
	rootObject = 7E8DEF92E1413EFB9E2D2BE4 /* Project object */;
}
